{
  "name": "node-example",
  "version": "1.0.0",
  "lockfileVersion": 1,
  "requires": true,
  "dependencies": {
    "gsap": {
      "version": "3.4.2",
      "resolved": "https://registry.npmjs.org/gsap/-/gsap-3.4.2.tgz",
      "integrity": "sha512-2DMG5x9IeQ7csnVaGxmhN4v06sJ4MklqYETMBjfmPQoPel4O4yTvpnINKLDYz7D22xNRwwyd1YWWxpkKgYkuiw=="
    },
    "typescript": {
      "version": "3.9.7",
      "resolved": "https://registry.npmjs.org/typescript/-/typescript-3.9.7.tgz",
      "integrity": "sha512-BLbiRkiBzAwsjut4x/dsibSTB6yWpwT5qWmC2OfuCg3GgVQCSgMs4vEctYPhsaGtd0AeuuHMkjZ2h2WG8MSzRw=="
    }
  }
}
